{
  "version": 2,
  "packages": {
    "checksums": {
      "version": "0.2.1",
      "vcsRevision": "f8f6bd34bfa3fe12c64b919059ad856a96efcba0",
      "url": "https://github.com/nim-lang/checksums",
      "downloadMethod": "git",
      "dependencies": [],
      "checksums": {
        "sha1": "d3c7a1d0c0dee8fa089bd7f4d474e005877b608a"
      }
    },
    "mininim_core": {
      "version": "0.0.0",
      "vcsRevision": "f080d2a623befc9e1f9ab72faf2d1a50d03f9a8b",
      "url": "https://codeberg.org/mininim/core",
      "downloadMethod": "git",
      "dependencies": [],
      "checksums": {
        "sha1": "3fa84af44aabefdfbf0751d727750d2156f47779"
      }
    },
    "mininim_cli": {
      "version": "0.0.0",
      "vcsRevision": "3c4ec2b34436a92a68c86917883f3cf158074d94",
      "url": "https://codeberg.org/mininim/cli",
      "downloadMethod": "git",
      "dependencies": [
        "mininim_core"
      ],
      "checksums": {
        "sha1": "4f0603e12c8c364213d23a4fa9d70b1d39b82458"
      }
    },
    "semver": {
      "version": "1.2.3",
      "vcsRevision": "ec7732a4810441a937fe3059494ba338090c4957",
      "url": "https://github.com/euantorano/semver.nim",
      "downloadMethod": "git",
      "dependencies": [],
      "checksums": {
        "sha1": "80cf9ba57c55dd1c60bbe8e5ac1a939d7cbb212d"
      }
    }
  },
  "tasks": {}
}
