{
  "version": 2,
  "packages": {
    "checksums": {
      "version": "0.2.1",
      "vcsRevision": "f8f6bd34bfa3fe12c64b919059ad856a96efcba0",
      "url": "https://github.com/nim-lang/checksums",
      "downloadMethod": "git",
      "dependencies": [],
      "checksums": {
        "sha1": "d3c7a1d0c0dee8fa089bd7f4d474e005877b608a"
      }
    },
    "mininim_core": {
      "version": "0.0.0",
      "vcsRevision": "369586a3bd019b60c913c139928c92a3c193df54",
      "url": "https://codeberg.org/mininim/core",
      "downloadMethod": "git",
      "dependencies": [],
      "checksums": {
        "sha1": "cf8af1a48e41bf599dd248dfbae6bb5e66c276ac"
      }
    },
    "mininim_cli": {
      "version": "0.0.0",
      "vcsRevision": "c23d092f7dca9a9b4bde27d7517d459dfba3ea5d",
      "url": "https://codeberg.org/mininim/cli",
      "downloadMethod": "git",
      "dependencies": [
        "mininim_core"
      ],
      "checksums": {
        "sha1": "6871a608e9ddbe354664ac5045e8e2198dc87b38"
      }
    },
    "semver": {
      "version": "1.2.3",
      "vcsRevision": "ec7732a4810441a937fe3059494ba338090c4957",
      "url": "https://github.com/euantorano/semver.nim",
      "downloadMethod": "git",
      "dependencies": [],
      "checksums": {
        "sha1": "80cf9ba57c55dd1c60bbe8e5ac1a939d7cbb212d"
      }
    }
  },
  "tasks": {}
}
